// !$*UTF8*$!
{
	archiveVersion = 1;
	classes = {
	};
	objectVersion = 56;
	objects = {

/* Begin PBXBuildFile section */
		684664992C17194400D7A564 /* GitSearchBooksApp.swift in Sources */ = {isa = PBXBuildFile; fileRef = 684664982C17194400D7A564 /* GitSearchBooksApp.swift */; };
		6846649B2C17194400D7A564 /* ContentView.swift in Sources */ = {isa = PBXBuildFile; fileRef = 6846649A2C17194400D7A564 /* ContentView.swift */; };
		6846649D2C17194500D7A564 /* Assets.xcassets in Resources */ = {isa = PBXBuildFile; fileRef = 6846649C2C17194500D7A564 /* Assets.xcassets */; };
		684664A02C17194500D7A564 /* Preview Assets.xcassets in Resources */ = {isa = PBXBuildFile; fileRef = 6846649F2C17194500D7A564 /* Preview Assets.xcassets */; };
		684664AA2C17194500D7A564 /* GitSearchBooksTests.swift in Sources */ = {isa = PBXBuildFile; fileRef = 684664A92C17194500D7A564 /* GitSearchBooksTests.swift */; };
		684664B42C17194500D7A564 /* GitSearchBooksUITests.swift in Sources */ = {isa = PBXBuildFile; fileRef = 684664B32C17194500D7A564 /* GitSearchBooksUITests.swift */; };
		684664B62C17194500D7A564 /* GitSearchBooksUITestsLaunchTests.swift in Sources */ = {isa = PBXBuildFile; fileRef = 684664B52C17194500D7A564 /* GitSearchBooksUITestsLaunchTests.swift */; };
/* End PBXBuildFile section */

/* Begin PBXContainerItemProxy section */
		684664A62C17194500D7A564 /* PBXContainerItemProxy */ = {
			isa = PBXContainerItemProxy;
			containerPortal = 6846648D2C17194400D7A564 /* Project object */;
			proxyType = 1;
			remoteGlobalIDString = 684664942C17194400D7A564;
			remoteInfo = GitSearchBooks;
		};
		684664B02C17194500D7A564 /* PBXContainerItemProxy */ = {
			isa = PBXContainerItemProxy;
			containerPortal = 6846648D2C17194400D7A564 /* Project object */;
			proxyType = 1;
			remoteGlobalIDString = 684664942C17194400D7A564;
			remoteInfo = GitSearchBooks;
		};
/* End PBXContainerItemProxy section */

/* Begin PBXFileReference section */
		684664952C17194400D7A564 /* GitSearchBooks.app */ = {isa = PBXFileReference; explicitFileType = wrapper.application; includeInIndex = 0; path = GitSearchBooks.app; sourceTree = BUILT_PRODUCTS_DIR; };
		684664982C17194400D7A564 /* GitSearchBooksApp.swift */ = {isa = PBXFileReference; lastKnownFileType = sourcecode.swift; path = GitSearchBooksApp.swift; sourceTree = "<group>"; };
		6846649A2C17194400D7A564 /* ContentView.swift */ = {isa = PBXFileReference; lastKnownFileType = sourcecode.swift; path = ContentView.swift; sourceTree = "<group>"; };
		6846649C2C17194500D7A564 /* Assets.xcassets */ = {isa = PBXFileReference; lastKnownFileType = folder.assetcatalog; path = Assets.xcassets; sourceTree = "<group>"; };
		6846649F2C17194500D7A564 /* Preview Assets.xcassets */ = {isa = PBXFileReference; lastKnownFileType = folder.assetcatalog; path = "Preview Assets.xcassets"; sourceTree = "<group>"; };
		684664A52C17194500D7A564 /* GitSearchBooksTests.xctest */ = {isa = PBXFileReference; explicitFileType = wrapper.cfbundle; includeInIndex = 0; path = GitSearchBooksTests.xctest; sourceTree = BUILT_PRODUCTS_DIR; };
		684664A92C17194500D7A564 /* GitSearchBooksTests.swift */ = {isa = PBXFileReference; lastKnownFileType = sourcecode.swift; path = GitSearchBooksTests.swift; sourceTree = "<group>"; };
		684664AF2C17194500D7A564 /* GitSearchBooksUITests.xctest */ = {isa = PBXFileReference; explicitFileType = wrapper.cfbundle; includeInIndex = 0; path = GitSearchBooksUITests.xctest; sourceTree = BUILT_PRODUCTS_DIR; };
		684664B32C17194500D7A564 /* GitSearchBooksUITests.swift */ = {isa = PBXFileReference; lastKnownFileType = sourcecode.swift; path = GitSearchBooksUITests.swift; sourceTree = "<group>"; };
		684664B52C17194500D7A564 /* GitSearchBooksUITestsLaunchTests.swift */ = {isa = PBXFileReference; lastKnownFileType = sourcecode.swift; path = GitSearchBooksUITestsLaunchTests.swift; sourceTree = "<group>"; };
/* End PBXFileReference section */

/* Begin PBXFrameworksBuildPhase section */
		684664922C17194400D7A564 /* Frameworks */ = {
			isa = PBXFrameworksBuildPhase;
			buildActionMask = 2147483647;
			files = (
			);
			runOnlyForDeploymentPostprocessing = 0;
		};
		684664A22C17194500D7A564 /* Frameworks */ = {
			isa = PBXFrameworksBuildPhase;
			buildActionMask = 2147483647;
			files = (
			);
			runOnlyForDeploymentPostprocessing = 0;
		};
		684664AC2C17194500D7A564 /* Frameworks */ = {
			isa = PBXFrameworksBuildPhase;
			buildActionMask = 2147483647;
			files = (
			);
			runOnlyForDeploymentPostprocessing = 0;
		};
/* End PBXFrameworksBuildPhase section */

/* Begin PBXGroup section */
		6846648C2C17194400D7A564 = {
			isa = PBXGroup;
			children = (
				684664972C17194400D7A564 /* GitSearchBooks */,
				684664A82C17194500D7A564 /* GitSearchBooksTests */,
				684664B22C17194500D7A564 /* GitSearchBooksUITests */,
				684664962C17194400D7A564 /* Products */,
			);
			sourceTree = "<group>";
		};
		684664962C17194400D7A564 /* Products */ = {
			isa = PBXGroup;
			children = (
				684664952C17194400D7A564 /* GitSearchBooks.app */,
				684664A52C17194500D7A564 /* GitSearchBooksTests.xctest */,
				684664AF2C17194500D7A564 /* GitSearchBooksUITests.xctest */,
			);
			name = Products;
			sourceTree = "<group>";
		};
		684664972C17194400D7A564 /* GitSearchBooks */ = {
			isa = PBXGroup;
			children = (
				684664982C17194400D7A564 /* GitSearchBooksApp.swift */,
				6846649A2C17194400D7A564 /* ContentView.swift */,
				6846649C2C17194500D7A564 /* Assets.xcassets */,
				6846649E2C17194500D7A564 /* Preview Content */,
			);
			path = GitSearchBooks;
			sourceTree = "<group>";
		};
		6846649E2C17194500D7A564 /* Preview Content */ = {
			isa = PBXGroup;
			children = (
				6846649F2C17194500D7A564 /* Preview Assets.xcassets */,
			);
			path = "Preview Content";
			sourceTree = "<group>";
		};
		684664A82C17194500D7A564 /* GitSearchBooksTests */ = {
			isa = PBXGroup;
			children = (
				684664A92C17194500D7A564 /* GitSearchBooksTests.swift */,
			);
			path = GitSearchBooksTests;
			sourceTree = "<group>";
		};
		684664B22C17194500D7A564 /* GitSearchBooksUITests */ = {
			isa = PBXGroup;
			children = (
				684664B32C17194500D7A564 /* GitSearchBooksUITests.swift */,
				684664B52C17194500D7A564 /* GitSearchBooksUITestsLaunchTests.swift */,
			);
			path = GitSearchBooksUITests;
			sourceTree = "<group>";
		};
/* End PBXGroup section */

/* Begin PBXNativeTarget section */
		684664942C17194400D7A564 /* GitSearchBooks */ = {
			isa = PBXNativeTarget;
			buildConfigurationList = 684664B92C17194500D7A564 /* Build configuration list for PBXNativeTarget "GitSearchBooks" */;
			buildPhases = (
				684664912C17194400D7A564 /* Sources */,
				684664922C17194400D7A564 /* Frameworks */,
				684664932C17194400D7A564 /* Resources */,
			);
			buildRules = (
			);
			dependencies = (
			);
			name = GitSearchBooks;
			productName = GitSearchBooks;
			productReference = 684664952C17194400D7A564 /* GitSearchBooks.app */;
			productType = "com.apple.product-type.application";
		};
		684664A42C17194500D7A564 /* GitSearchBooksTests */ = {
			isa = PBXNativeTarget;
			buildConfigurationList = 684664BC2C17194500D7A564 /* Build configuration list for PBXNativeTarget "GitSearchBooksTests" */;
			buildPhases = (
				684664A12C17194500D7A564 /* Sources */,
				684664A22C17194500D7A564 /* Frameworks */,
				684664A32C17194500D7A564 /* Resources */,
			);
			buildRules = (
			);
			dependencies = (
				684664A72C17194500D7A564 /* PBXTargetDependency */,
			);
			name = GitSearchBooksTests;
			productName = GitSearchBooksTests;
			productReference = 684664A52C17194500D7A564 /* GitSearchBooksTests.xctest */;
			productType = "com.apple.product-type.bundle.unit-test";
		};
		684664AE2C17194500D7A564 /* GitSearchBooksUITests */ = {
			isa = PBXNativeTarget;
			buildConfigurationList = 684664BF2C17194500D7A564 /* Build configuration list for PBXNativeTarget "GitSearchBooksUITests" */;
			buildPhases = (
				684664AB2C17194500D7A564 /* Sources */,
				684664AC2C17194500D7A564 /* Frameworks */,
				684664AD2C17194500D7A564 /* Resources */,
			);
			buildRules = (
			);
			dependencies = (
				684664B12C17194500D7A564 /* PBXTargetDependency */,
			);
			name = GitSearchBooksUITests;
			productName = GitSearchBooksUITests;
			productReference = 684664AF2C17194500D7A564 /* GitSearchBooksUITests.xctest */;
			productType = "com.apple.product-type.bundle.ui-testing";
		};
/* End PBXNativeTarget section */

/* Begin PBXProject section */
		6846648D2C17194400D7A564 /* Project object */ = {
			isa = PBXProject;
			attributes = {
				BuildIndependentTargetsInParallel = 1;
				LastSwiftUpdateCheck = 1520;
				LastUpgradeCheck = 1520;
				TargetAttributes = {
					684664942C17194400D7A564 = {
						CreatedOnToolsVersion = 15.2;
					};
					684664A42C17194500D7A564 = {
						CreatedOnToolsVersion = 15.2;
						TestTargetID = 684664942C17194400D7A564;
					};
					684664AE2C17194500D7A564 = {
						CreatedOnToolsVersion = 15.2;
						TestTargetID = 684664942C17194400D7A564;
					};
				};
			};
			buildConfigurationList = 684664902C17194400D7A564 /* Build configuration list for PBXProject "GitSearchBooks" */;
			compatibilityVersion = "Xcode 14.0";
			developmentRegion = en;
			hasScannedForEncodings = 0;
			knownRegions = (
				en,
				Base,
			);
			mainGroup = 6846648C2C17194400D7A564;
			productRefGroup = 684664962C17194400D7A564 /* Products */;
			projectDirPath = "";
			projectRoot = "";
			targets = (
				684664942C17194400D7A564 /* GitSearchBooks */,
				684664A42C17194500D7A564 /* GitSearchBooksTests */,
				684664AE2C17194500D7A564 /* GitSearchBooksUITests */,
			);
		};
/* End PBXProject section */

/* Begin PBXResourcesBuildPhase section */
		684664932C17194400D7A564 /* Resources */ = {
			isa = PBXResourcesBuildPhase;
			buildActionMask = 2147483647;
			files = (
				684664A02C17194500D7A564 /* Preview Assets.xcassets in Resources */,
				6846649D2C17194500D7A564 /* Assets.xcassets in Resources */,
			);
			runOnlyForDeploymentPostprocessing = 0;
		};
		684664A32C17194500D7A564 /* Resources */ = {
			isa = PBXResourcesBuildPhase;
			buildActionMask = 2147483647;
			files = (
			);
			runOnlyForDeploymentPostprocessing = 0;
		};
		684664AD2C17194500D7A564 /* Resources */ = {
			isa = PBXResourcesBuildPhase;
			buildActionMask = 2147483647;
			files = (
			);
			runOnlyForDeploymentPostprocessing = 0;
		};
/* End PBXResourcesBuildPhase section */

/* Begin PBXSourcesBuildPhase section */
		684664912C17194400D7A564 /* Sources */ = {
			isa = PBXSourcesBuildPhase;
			buildActionMask = 2147483647;
			files = (
				6846649B2C17194400D7A564 /* ContentView.swift in Sources */,
				684664992C17194400D7A564 /* GitSearchBooksApp.swift in Sources */,
			);
			runOnlyForDeploymentPostprocessing = 0;
		};
		684664A12C17194500D7A564 /* Sources */ = {
			isa = PBXSourcesBuildPhase;
			buildActionMask = 2147483647;
			files = (
				684664AA2C17194500D7A564 /* GitSearchBooksTests.swift in Sources */,
			);
			runOnlyForDeploymentPostprocessing = 0;
		};
		684664AB2C17194500D7A564 /* Sources */ = {
			isa = PBXSourcesBuildPhase;
			buildActionMask = 2147483647;
			files = (
				684664B62C17194500D7A564 /* GitSearchBooksUITestsLaunchTests.swift in Sources */,
				684664B42C17194500D7A564 /* GitSearchBooksUITests.swift in Sources */,
			);
			runOnlyForDeploymentPostprocessing = 0;
		};
/* End PBXSourcesBuildPhase section */

/* Begin PBXTargetDependency section */
		684664A72C17194500D7A564 /* PBXTargetDependency */ = {
			isa = PBXTargetDependency;
			target = 684664942C17194400D7A564 /* GitSearchBooks */;
			targetProxy = 684664A62C17194500D7A564 /* PBXContainerItemProxy */;
		};
		684664B12C17194500D7A564 /* PBXTargetDependency */ = {
			isa = PBXTargetDependency;
			target = 684664942C17194400D7A564 /* GitSearchBooks */;
			targetProxy = 684664B02C17194500D7A564 /* PBXContainerItemProxy */;
		};
/* End PBXTargetDependency section */

/* Begin XCBuildConfiguration section */
		684664B72C17194500D7A564 /* Debug */ = {
			isa = XCBuildConfiguration;
			buildSettings = {
				ALWAYS_SEARCH_USER_PATHS = NO;
				ASSETCATALOG_COMPILER_GENERATE_SWIFT_ASSET_SYMBOL_EXTENSIONS = YES;
				CLANG_ANALYZER_NONNULL = YES;
				CLANG_ANALYZER_NUMBER_OBJECT_CONVERSION = YES_AGGRESSIVE;
				CLANG_CXX_LANGUAGE_STANDARD = "gnu++20";
				CLANG_ENABLE_MODULES = YES;
				CLANG_ENABLE_OBJC_ARC = YES;
				CLANG_ENABLE_OBJC_WEAK = YES;
				CLANG_WARN_BLOCK_CAPTURE_AUTORELEASING = YES;
				CLANG_WARN_BOOL_CONVERSION = YES;
				CLANG_WARN_COMMA = YES;
				CLANG_WARN_CONSTANT_CONVERSION = YES;
				CLANG_WARN_DEPRECATED_OBJC_IMPLEMENTATIONS = YES;
				CLANG_WARN_DIRECT_OBJC_ISA_USAGE = YES_ERROR;
				CLANG_WARN_DOCUMENTATION_COMMENTS = YES;
				CLANG_WARN_EMPTY_BODY = YES;
				CLANG_WARN_ENUM_CONVERSION = YES;
				CLANG_WARN_INFINITE_RECURSION = YES;
				CLANG_WARN_INT_CONVERSION = YES;
				CLANG_WARN_NON_LITERAL_NULL_CONVERSION = YES;
				CLANG_WARN_OBJC_IMPLICIT_RETAIN_SELF = YES;
				CLANG_WARN_OBJC_LITERAL_CONVERSION = YES;
				CLANG_WARN_OBJC_ROOT_CLASS = YES_ERROR;
				CLANG_WARN_QUOTED_INCLUDE_IN_FRAMEWORK_HEADER = YES;
				CLANG_WARN_RANGE_LOOP_ANALYSIS = YES;
				CLANG_WARN_STRICT_PROTOTYPES = YES;
				CLANG_WARN_SUSPICIOUS_MOVE = YES;
				CLANG_WARN_UNGUARDED_AVAILABILITY = YES_AGGRESSIVE;
				CLANG_WARN_UNREACHABLE_CODE = YES;
				CLANG_WARN__DUPLICATE_METHOD_MATCH = YES;
				COPY_PHASE_STRIP = NO;
				DEBUG_INFORMATION_FORMAT = dwarf;
				ENABLE_STRICT_OBJC_MSGSEND = YES;
				ENABLE_TESTABILITY = YES;
				ENABLE_USER_SCRIPT_SANDBOXING = YES;
				GCC_C_LANGUAGE_STANDARD = gnu17;
				GCC_DYNAMIC_NO_PIC = NO;
				GCC_NO_COMMON_BLOCKS = YES;
				GCC_OPTIMIZATION_LEVEL = 0;
				GCC_PREPROCESSOR_DEFINITIONS = (
					"DEBUG=1",
					"$(inherited)",
				);
				GCC_WARN_64_TO_32_BIT_CONVERSION = YES;
				GCC_WARN_ABOUT_RETURN_TYPE = YES_ERROR;
				GCC_WARN_UNDECLARED_SELECTOR = YES;
				GCC_WARN_UNINITIALIZED_AUTOS = YES_AGGRESSIVE;
				GCC_WARN_UNUSED_FUNCTION = YES;
				GCC_WARN_UNUSED_VARIABLE = YES;
				IPHONEOS_DEPLOYMENT_TARGET = 17.2;
				LOCALIZATION_PREFERS_STRING_CATALOGS = YES;
				MTL_ENABLE_DEBUG_INFO = INCLUDE_SOURCE;
				MTL_FAST_MATH = YES;
				ONLY_ACTIVE_ARCH = YES;
				SDKROOT = iphoneos;
				SWIFT_ACTIVE_COMPILATION_CONDITIONS = "DEBUG $(inherited)";
				SWIFT_OPTIMIZATION_LEVEL = "-Onone";
			};
			name = Debug;
		};
		684664B82C17194500D7A564 /* Release */ = {
			isa = XCBuildConfiguration;
			buildSettings = {
				ALWAYS_SEARCH_USER_PATHS = NO;
				ASSETCATALOG_COMPILER_GENERATE_SWIFT_ASSET_SYMBOL_EXTENSIONS = YES;
				CLANG_ANALYZER_NONNULL = YES;
				CLANG_ANALYZER_NUMBER_OBJECT_CONVERSION = YES_AGGRESSIVE;
				CLANG_CXX_LANGUAGE_STANDARD = "gnu++20";
				CLANG_ENABLE_MODULES = YES;
				CLANG_ENABLE_OBJC_ARC = YES;
				CLANG_ENABLE_OBJC_WEAK = YES;
				CLANG_WARN_BLOCK_CAPTURE_AUTORELEASING = YES;
				CLANG_WARN_BOOL_CONVERSION = YES;
				CLANG_WARN_COMMA = YES;
				CLANG_WARN_CONSTANT_CONVERSION = YES;
				CLANG_WARN_DEPRECATED_OBJC_IMPLEMENTATIONS = YES;
				CLANG_WARN_DIRECT_OBJC_ISA_USAGE = YES_ERROR;
				CLANG_WARN_DOCUMENTATION_COMMENTS = YES;
				CLANG_WARN_EMPTY_BODY = YES;
				CLANG_WARN_ENUM_CONVERSION = YES;
				CLANG_WARN_INFINITE_RECURSION = YES;
				CLANG_WARN_INT_CONVERSION = YES;
				CLANG_WARN_NON_LITERAL_NULL_CONVERSION = YES;
				CLANG_WARN_OBJC_IMPLICIT_RETAIN_SELF = YES;
				CLANG_WARN_OBJC_LITERAL_CONVERSION = YES;
				CLANG_WARN_OBJC_ROOT_CLASS = YES_ERROR;
				CLANG_WARN_QUOTED_INCLUDE_IN_FRAMEWORK_HEADER = YES;
				CLANG_WARN_RANGE_LOOP_ANALYSIS = YES;
				CLANG_WARN_STRICT_PROTOTYPES = YES;
				CLANG_WARN_SUSPICIOUS_MOVE = YES;
				CLANG_WARN_UNGUARDED_AVAILABILITY = YES_AGGRESSIVE;
				CLANG_WARN_UNREACHABLE_CODE = YES;
				CLANG_WARN__DUPLICATE_METHOD_MATCH = YES;
				COPY_PHASE_STRIP = NO;
				DEBUG_INFORMATION_FORMAT = "dwarf-with-dsym";
				ENABLE_NS_ASSERTIONS = NO;
				ENABLE_STRICT_OBJC_MSGSEND = YES;
				ENABLE_USER_SCRIPT_SANDBOXING = YES;
				GCC_C_LANGUAGE_STANDARD = gnu17;
				GCC_NO_COMMON_BLOCKS = YES;
				GCC_WARN_64_TO_32_BIT_CONVERSION = YES;
				GCC_WARN_ABOUT_RETURN_TYPE = YES_ERROR;
				GCC_WARN_UNDECLARED_SELECTOR = YES;
				GCC_WARN_UNINITIALIZED_AUTOS = YES_AGGRESSIVE;
				GCC_WARN_UNUSED_FUNCTION = YES;
				GCC_WARN_UNUSED_VARIABLE = YES;
				IPHONEOS_DEPLOYMENT_TARGET = 17.2;
				LOCALIZATION_PREFERS_STRING_CATALOGS = YES;
				MTL_ENABLE_DEBUG_INFO = NO;
				MTL_FAST_MATH = YES;
				SDKROOT = iphoneos;
				SWIFT_COMPILATION_MODE = wholemodule;
				VALIDATE_PRODUCT = YES;
			};
			name = Release;
		};
		684664BA2C17194500D7A564 /* Debug */ = {
			isa = XCBuildConfiguration;
			buildSettings = {
				ASSETCATALOG_COMPILER_APPICON_NAME = AppIcon;
				ASSETCATALOG_COMPILER_GLOBAL_ACCENT_COLOR_NAME = AccentColor;
				CODE_SIGN_STYLE = Automatic;
				CURRENT_PROJECT_VERSION = 1;
				DEVELOPMENT_ASSET_PATHS = "\"GitSearchBooks/Preview Content\"";
				ENABLE_PREVIEWS = YES;
				GENERATE_INFOPLIST_FILE = YES;
				INFOPLIST_KEY_UIApplicationSceneManifest_Generation = YES;
				INFOPLIST_KEY_UIApplicationSupportsIndirectInputEvents = YES;
				INFOPLIST_KEY_UILaunchScreen_Generation = YES;
				INFOPLIST_KEY_UISupportedInterfaceOrientations_iPad = "UIInterfaceOrientationPortrait UIInterfaceOrientationPortraitUpsideDown UIInterfaceOrientationLandscapeLeft UIInterfaceOrientationLandscapeRight";
				INFOPLIST_KEY_UISupportedInterfaceOrientations_iPhone = "UIInterfaceOrientationPortrait UIInterfaceOrientationLandscapeLeft UIInterfaceOrientationLandscapeRight";
				LD_RUNPATH_SEARCH_PATHS = (
					"$(inherited)",
					"@executable_path/Frameworks",
				);
				MARKETING_VERSION = 1.0;
				PRODUCT_BUNDLE_IDENTIFIER = com.500beckwon.GitSearchBooks;
				PRODUCT_NAME = "$(TARGET_NAME)";
				SWIFT_EMIT_LOC_STRINGS = YES;
				SWIFT_VERSION = 5.0;
				TARGETED_DEVICE_FAMILY = "1,2";
			};
			name = Debug;
		};
		684664BB2C17194500D7A564 /* Release */ = {
			isa = XCBuildConfiguration;
			buildSettings = {
				ASSETCATALOG_COMPILER_APPICON_NAME = AppIcon;
				ASSETCATALOG_COMPILER_GLOBAL_ACCENT_COLOR_NAME = AccentColor;
				CODE_SIGN_STYLE = Automatic;
				CURRENT_PROJECT_VERSION = 1;
				DEVELOPMENT_ASSET_PATHS = "\"GitSearchBooks/Preview Content\"";
				ENABLE_PREVIEWS = YES;
				GENERATE_INFOPLIST_FILE = YES;
				INFOPLIST_KEY_UIApplicationSceneManifest_Generation = YES;
				INFOPLIST_KEY_UIApplicationSupportsIndirectInputEvents = YES;
				INFOPLIST_KEY_UILaunchScreen_Generation = YES;
				INFOPLIST_KEY_UISupportedInterfaceOrientations_iPad = "UIInterfaceOrientationPortrait UIInterfaceOrientationPortraitUpsideDown UIInterfaceOrientationLandscapeLeft UIInterfaceOrientationLandscapeRight";
				INFOPLIST_KEY_UISupportedInterfaceOrientations_iPhone = "UIInterfaceOrientationPortrait UIInterfaceOrientationLandscapeLeft UIInterfaceOrientationLandscapeRight";
				LD_RUNPATH_SEARCH_PATHS = (
					"$(inherited)",
					"@executable_path/Frameworks",
				);
				MARKETING_VERSION = 1.0;
				PRODUCT_BUNDLE_IDENTIFIER = com.500beckwon.GitSearchBooks;
				PRODUCT_NAME = "$(TARGET_NAME)";
				SWIFT_EMIT_LOC_STRINGS = YES;
				SWIFT_VERSION = 5.0;
				TARGETED_DEVICE_FAMILY = "1,2";
			};
			name = Release;
		};
		684664BD2C17194500D7A564 /* Debug */ = {
			isa = XCBuildConfiguration;
			buildSettings = {
				ALWAYS_EMBED_SWIFT_STANDARD_LIBRARIES = YES;
				BUNDLE_LOADER = "$(TEST_HOST)";
				CODE_SIGN_STYLE = Automatic;
				CURRENT_PROJECT_VERSION = 1;
				GENERATE_INFOPLIST_FILE = YES;
				IPHONEOS_DEPLOYMENT_TARGET = 17.2;
				MARKETING_VERSION = 1.0;
				PRODUCT_BUNDLE_IDENTIFIER = com.500beckwon.GitSearchBooksTests;
				PRODUCT_NAME = "$(TARGET_NAME)";
				SWIFT_EMIT_LOC_STRINGS = NO;
				SWIFT_VERSION = 5.0;
				TARGETED_DEVICE_FAMILY = "1,2";
				TEST_HOST = "$(BUILT_PRODUCTS_DIR)/GitSearchBooks.app/$(BUNDLE_EXECUTABLE_FOLDER_PATH)/GitSearchBooks";
			};
			name = Debug;
		};
		684664BE2C17194500D7A564 /* Release */ = {
			isa = XCBuildConfiguration;
			buildSettings = {
				ALWAYS_EMBED_SWIFT_STANDARD_LIBRARIES = YES;
				BUNDLE_LOADER = "$(TEST_HOST)";
				CODE_SIGN_STYLE = Automatic;
				CURRENT_PROJECT_VERSION = 1;
				GENERATE_INFOPLIST_FILE = YES;
				IPHONEOS_DEPLOYMENT_TARGET = 17.2;
				MARKETING_VERSION = 1.0;
				PRODUCT_BUNDLE_IDENTIFIER = com.500beckwon.GitSearchBooksTests;
				PRODUCT_NAME = "$(TARGET_NAME)";
				SWIFT_EMIT_LOC_STRINGS = NO;
				SWIFT_VERSION = 5.0;
				TARGETED_DEVICE_FAMILY = "1,2";
				TEST_HOST = "$(BUILT_PRODUCTS_DIR)/GitSearchBooks.app/$(BUNDLE_EXECUTABLE_FOLDER_PATH)/GitSearchBooks";
			};
			name = Release;
		};
		684664C02C17194500D7A564 /* Debug */ = {
			isa = XCBuildConfiguration;
			buildSettings = {
				ALWAYS_EMBED_SWIFT_STANDARD_LIBRARIES = YES;
				CODE_SIGN_STYLE = Automatic;
				CURRENT_PROJECT_VERSION = 1;
				GENERATE_INFOPLIST_FILE = YES;
				MARKETING_VERSION = 1.0;
				PRODUCT_BUNDLE_IDENTIFIER = com.500beckwon.GitSearchBooksUITests;
				PRODUCT_NAME = "$(TARGET_NAME)";
				SWIFT_EMIT_LOC_STRINGS = NO;
				SWIFT_VERSION = 5.0;
				TARGETED_DEVICE_FAMILY = "1,2";
				TEST_TARGET_NAME = GitSearchBooks;
			};
			name = Debug;
		};
		684664C12C17194500D7A564 /* Release */ = {
			isa = XCBuildConfiguration;
			buildSettings = {
				ALWAYS_EMBED_SWIFT_STANDARD_LIBRARIES = YES;
				CODE_SIGN_STYLE = Automatic;
				CURRENT_PROJECT_VERSION = 1;
				GENERATE_INFOPLIST_FILE = YES;
				MARKETING_VERSION = 1.0;
				PRODUCT_BUNDLE_IDENTIFIER = com.500beckwon.GitSearchBooksUITests;
				PRODUCT_NAME = "$(TARGET_NAME)";
				SWIFT_EMIT_LOC_STRINGS = NO;
				SWIFT_VERSION = 5.0;
				TARGETED_DEVICE_FAMILY = "1,2";
				TEST_TARGET_NAME = GitSearchBooks;
			};
			name = Release;
		};
/* End XCBuildConfiguration section */

/* Begin XCConfigurationList section */
		684664902C17194400D7A564 /* Build configuration list for PBXProject "GitSearchBooks" */ = {
			isa = XCConfigurationList;
			buildConfigurations = (
				684664B72C17194500D7A564 /* Debug */,
				684664B82C17194500D7A564 /* Release */,
			);
			defaultConfigurationIsVisible = 0;
			defaultConfigurationName = Release;
		};
		684664B92C17194500D7A564 /* Build configuration list for PBXNativeTarget "GitSearchBooks" */ = {
			isa = XCConfigurationList;
			buildConfigurations = (
				684664BA2C17194500D7A564 /* Debug */,
				684664BB2C17194500D7A564 /* Release */,
			);
			defaultConfigurationIsVisible = 0;
			defaultConfigurationName = Release;
		};
		684664BC2C17194500D7A564 /* Build configuration list for PBXNativeTarget "GitSearchBooksTests" */ = {
			isa = XCConfigurationList;
			buildConfigurations = (
				684664BD2C17194500D7A564 /* Debug */,
				684664BE2C17194500D7A564 /* Release */,
			);
			defaultConfigurationIsVisible = 0;
			defaultConfigurationName = Release;
		};
		684664BF2C17194500D7A564 /* Build configuration list for PBXNativeTarget "GitSearchBooksUITests" */ = {
			isa = XCConfigurationList;
			buildConfigurations = (
				684664C02C17194500D7A564 /* Debug */,
				684664C12C17194500D7A564 /* Release */,
			);
			defaultConfigurationIsVisible = 0;
			defaultConfigurationName = Release;
		};
/* End XCConfigurationList section */
	};
	rootObject = 6846648D2C17194400D7A564 /* Project object */;
}
